
Microsoft Visual Studio Solution File, Format Version 12.00
# Visual Studio Version 16
VisualStudioVersion = 16.0.30225.117
MinimumVisualStudioVersion = 10.0.40219.1
Project("{9A19103F-16F7-4668-BE54-9A1E7A4F7556}") = "FirstProject", "FirstProject.csproj", "{DC5FE1C3-68E3-4ACB-B560-BE75C5BDBCDA}"
EndProject
Global
	GlobalSection(SolutionConfigurationPlatforms) = preSolution
		Debug|Any CPU = Debug|Any CPU
		Release|Any CPU = Release|Any CPU
	EndGlobalSection
	GlobalSection(ProjectConfigurationPlatforms) = postSolution
		{DC5FE1C3-68E3-4ACB-B560-BE75C5BDBCDA}.Debug|Any CPU.ActiveCfg = Debug|Any CPU
		{DC5FE1C3-68E3-4ACB-B560-BE75C5BDBCDA}.Debug|Any CPU.Build.0 = Debug|Any CPU
		{DC5FE1C3-68E3-4ACB-B560-BE75C5BDBCDA}.Release|Any CPU.ActiveCfg = Release|Any CPU
		{DC5FE1C3-68E3-4ACB-B560-BE75C5BDBCDA}.Release|Any CPU.Build.0 = Release|Any CPU
	EndGlobalSection
	GlobalSection(SolutionProperties) = preSolution
		HideSolutionNode = FALSE
	EndGlobalSection
	GlobalSection(ExtensibilityGlobals) = postSolution
		SolutionGuid = {E9FDEC4E-38F4-4BEA-A7BC-275A759E4348}
	EndGlobalSection
EndGlobal
