
Microsoft Visual Studio Solution File, Format Version 12.00
# Visual Studio 15
VisualStudioVersion = 15.0.26124.0
MinimumVisualStudioVersion = 15.0.26124.0
Project("{FAE04EC0-301F-11D3-BF4B-00C04F79EFBC}") = "SimpleApp", "SimpleApp\SimpleApp.csproj", "{7866BF37-DF7A-4A0E-A398-C2F75E3329E3}"
EndProject
Project("{FAE04EC0-301F-11D3-BF4B-00C04F79EFBC}") = "SimpleApp.Tests", "SimpleApp.Tests\SimpleApp.Tests.csproj", "{4A1D96FB-2A5A-45CE-BF00-041D5869B56A}"
EndProject
Global
	GlobalSection(SolutionConfigurationPlatforms) = preSolution
		Debug|Any CPU = Debug|Any CPU
		Debug|x64 = Debug|x64
		Debug|x86 = Debug|x86
		Release|Any CPU = Release|Any CPU
		Release|x64 = Release|x64
		Release|x86 = Release|x86
	EndGlobalSection
	GlobalSection(SolutionProperties) = preSolution
		HideSolutionNode = FALSE
	EndGlobalSection
	GlobalSection(ProjectConfigurationPlatforms) = postSolution
		{7866BF37-DF7A-4A0E-A398-C2F75E3329E3}.Debug|Any CPU.ActiveCfg = Debug|Any CPU
		{7866BF37-DF7A-4A0E-A398-C2F75E3329E3}.Debug|Any CPU.Build.0 = Debug|Any CPU
		{7866BF37-DF7A-4A0E-A398-C2F75E3329E3}.Debug|x64.ActiveCfg = Debug|Any CPU
		{7866BF37-DF7A-4A0E-A398-C2F75E3329E3}.Debug|x64.Build.0 = Debug|Any CPU
		{7866BF37-DF7A-4A0E-A398-C2F75E3329E3}.Debug|x86.ActiveCfg = Debug|Any CPU
		{7866BF37-DF7A-4A0E-A398-C2F75E3329E3}.Debug|x86.Build.0 = Debug|Any CPU
		{7866BF37-DF7A-4A0E-A398-C2F75E3329E3}.Release|Any CPU.ActiveCfg = Release|Any CPU
		{7866BF37-DF7A-4A0E-A398-C2F75E3329E3}.Release|Any CPU.Build.0 = Release|Any CPU
		{7866BF37-DF7A-4A0E-A398-C2F75E3329E3}.Release|x64.ActiveCfg = Release|Any CPU
		{7866BF37-DF7A-4A0E-A398-C2F75E3329E3}.Release|x64.Build.0 = Release|Any CPU
		{7866BF37-DF7A-4A0E-A398-C2F75E3329E3}.Release|x86.ActiveCfg = Release|Any CPU
		{7866BF37-DF7A-4A0E-A398-C2F75E3329E3}.Release|x86.Build.0 = Release|Any CPU
		{4A1D96FB-2A5A-45CE-BF00-041D5869B56A}.Debug|Any CPU.ActiveCfg = Debug|Any CPU
		{4A1D96FB-2A5A-45CE-BF00-041D5869B56A}.Debug|Any CPU.Build.0 = Debug|Any CPU
		{4A1D96FB-2A5A-45CE-BF00-041D5869B56A}.Debug|x64.ActiveCfg = Debug|Any CPU
		{4A1D96FB-2A5A-45CE-BF00-041D5869B56A}.Debug|x64.Build.0 = Debug|Any CPU
		{4A1D96FB-2A5A-45CE-BF00-041D5869B56A}.Debug|x86.ActiveCfg = Debug|Any CPU
		{4A1D96FB-2A5A-45CE-BF00-041D5869B56A}.Debug|x86.Build.0 = Debug|Any CPU
		{4A1D96FB-2A5A-45CE-BF00-041D5869B56A}.Release|Any CPU.ActiveCfg = Release|Any CPU
		{4A1D96FB-2A5A-45CE-BF00-041D5869B56A}.Release|Any CPU.Build.0 = Release|Any CPU
		{4A1D96FB-2A5A-45CE-BF00-041D5869B56A}.Release|x64.ActiveCfg = Release|Any CPU
		{4A1D96FB-2A5A-45CE-BF00-041D5869B56A}.Release|x64.Build.0 = Release|Any CPU
		{4A1D96FB-2A5A-45CE-BF00-041D5869B56A}.Release|x86.ActiveCfg = Release|Any CPU
		{4A1D96FB-2A5A-45CE-BF00-041D5869B56A}.Release|x86.Build.0 = Release|Any CPU
	EndGlobalSection
EndGlobal
