
Microsoft Visual Studio Solution File, Format Version 12.00
# Visual Studio Version 16
VisualStudioVersion = 16.0.30225.117
MinimumVisualStudioVersion = 10.0.40219.1
Project("{9A19103F-16F7-4668-BE54-9A1E7A4F7556}") = "PartyInvites", "PartyInvites.csproj", "{63970104-0156-4E33-883E-B47F3BB5E15C}"
EndProject
Global
	GlobalSection(SolutionConfigurationPlatforms) = preSolution
		Debug|Any CPU = Debug|Any CPU
		Release|Any CPU = Release|Any CPU
	EndGlobalSection
	GlobalSection(ProjectConfigurationPlatforms) = postSolution
		{63970104-0156-4E33-883E-B47F3BB5E15C}.Debug|Any CPU.ActiveCfg = Debug|Any CPU
		{63970104-0156-4E33-883E-B47F3BB5E15C}.Debug|Any CPU.Build.0 = Debug|Any CPU
		{63970104-0156-4E33-883E-B47F3BB5E15C}.Release|Any CPU.ActiveCfg = Release|Any CPU
		{63970104-0156-4E33-883E-B47F3BB5E15C}.Release|Any CPU.Build.0 = Release|Any CPU
	EndGlobalSection
	GlobalSection(SolutionProperties) = preSolution
		HideSolutionNode = FALSE
	EndGlobalSection
	GlobalSection(ExtensibilityGlobals) = postSolution
		SolutionGuid = {A8A54EE2-665B-4224-957A-536E59694461}
	EndGlobalSection
EndGlobal
